PODS:
  - FMDB (2.6.2):
    - FMDB/standard (= 2.6.2)
  - FMDB/standard (2.6.2)
  - JSQMessagesViewController (7.3.4):
    - JSQSystemSoundPlayer (~> 2.0.1)
  - JSQSystemSoundPlayer (2.0.1)
  - MBProgressHUD (1.0.0)
  - SKYKit (0.19.0):
    - SKYKit/Core (= 0.19.0)
  - SKYKit/Core (0.19.0):
    - FMDB (~> 2.5)
    - SocketRocket (~> 0.4)
  - SKYKitChat (0.1.0):
    - SKYKit (~> 0.19.0)
  - SocketRocket (0.5.1)

DEPENDENCIES:
  - JSQMessagesViewController (~> 7.3.4)
  - MBProgressHUD (~> 1.0.0)
  - SKYKit (from `../../skygeario/skygear-SDK-iOS`)
  - SKYKitChat (from `../../skygeario/chat-SDK-iOS`)

EXTERNAL SOURCES:
  SKYKit:
    :path: "../../skygeario/skygear-SDK-iOS"
  SKYKitChat:
    :path: "../../skygeario/chat-SDK-iOS"

SPEC CHECKSUMS:
  FMDB: 854a0341b4726e53276f2a8996f06f1b80f9259a
  JSQMessagesViewController: 39fed975e3c9f8eba7292071e29eeb541d105e66
  JSQSystemSoundPlayer: c5850e77a4363ffd374cd851154b9af93264ed8d
  MBProgressHUD: 4890f671c94e8a0f3cf959aa731e9de2f036d71a
  SKYKit: 14d7ffed0350e0ca95aa60c76f2aaa5d7bbb24d2
  SKYKitChat: 1b6271a661cd0a62f6e9b4da855d114b113c2a05
  SocketRocket: d57c7159b83c3c6655745cd15302aa24b6bae531

PODFILE CHECKSUM: 430f82db4b306ce4c18579ff5c0e9664bdec903c

COCOAPODS: 1.1.1
